
Microsoft Visual Studio Solution File, Format Version 12.00
# Visual Studio 15
VisualStudioVersion = 15.0.27130.2027
MinimumVisualStudioVersion = 10.0.40219.1
Project("{8BC9CEB8-8B4A-11D0-8D11-00A0C91BC942}") = "gtest", "gtest\gtest.vcxproj", "{DFA64CC0-8C2A-4798-BDF0-54ED96113504}"
EndProject
Project("{8BC9CEB8-8B4A-11D0-8D11-00A0C91BC942}") = "Polinom", "..\Polinom\Polinom.vcxproj", "{ED54ED32-D184-4924-B5F1-D5DC94FFFFA8}"
EndProject
Project("{8BC9CEB8-8B4A-11D0-8D11-00A0C91BC942}") = "Sample", "..\Sample\Sample.vcxproj", "{B82A1633-385B-468D-876F-6ADC3086E18C}"
EndProject
Project("{8BC9CEB8-8B4A-11D0-8D11-00A0C91BC942}") = "test", "..\test\test.vcxproj", "{572C532C-8D8E-45D6-A522-7AD045305772}"
EndProject
Global
	GlobalSection(SolutionConfigurationPlatforms) = preSolution
		Debug|x64 = Debug|x64
		Debug|x86 = Debug|x86
		Release|x64 = Release|x64
		Release|x86 = Release|x86
	EndGlobalSection
	GlobalSection(ProjectConfigurationPlatforms) = postSolution
		{DFA64CC0-8C2A-4798-BDF0-54ED96113504}.Debug|x64.ActiveCfg = Debug|x64
		{DFA64CC0-8C2A-4798-BDF0-54ED96113504}.Debug|x64.Build.0 = Debug|x64
		{DFA64CC0-8C2A-4798-BDF0-54ED96113504}.Debug|x86.ActiveCfg = Debug|Win32
		{DFA64CC0-8C2A-4798-BDF0-54ED96113504}.Debug|x86.Build.0 = Debug|Win32
		{DFA64CC0-8C2A-4798-BDF0-54ED96113504}.Release|x64.ActiveCfg = Release|x64
		{DFA64CC0-8C2A-4798-BDF0-54ED96113504}.Release|x64.Build.0 = Release|x64
		{DFA64CC0-8C2A-4798-BDF0-54ED96113504}.Release|x86.ActiveCfg = Release|Win32
		{DFA64CC0-8C2A-4798-BDF0-54ED96113504}.Release|x86.Build.0 = Release|Win32
		{ED54ED32-D184-4924-B5F1-D5DC94FFFFA8}.Debug|x64.ActiveCfg = Debug|x64
		{ED54ED32-D184-4924-B5F1-D5DC94FFFFA8}.Debug|x64.Build.0 = Debug|x64
		{ED54ED32-D184-4924-B5F1-D5DC94FFFFA8}.Debug|x86.ActiveCfg = Debug|Win32
		{ED54ED32-D184-4924-B5F1-D5DC94FFFFA8}.Debug|x86.Build.0 = Debug|Win32
		{ED54ED32-D184-4924-B5F1-D5DC94FFFFA8}.Release|x64.ActiveCfg = Release|x64
		{ED54ED32-D184-4924-B5F1-D5DC94FFFFA8}.Release|x64.Build.0 = Release|x64
		{ED54ED32-D184-4924-B5F1-D5DC94FFFFA8}.Release|x86.ActiveCfg = Release|Win32
		{ED54ED32-D184-4924-B5F1-D5DC94FFFFA8}.Release|x86.Build.0 = Release|Win32
		{B82A1633-385B-468D-876F-6ADC3086E18C}.Debug|x64.ActiveCfg = Debug|x64
		{B82A1633-385B-468D-876F-6ADC3086E18C}.Debug|x64.Build.0 = Debug|x64
		{B82A1633-385B-468D-876F-6ADC3086E18C}.Debug|x86.ActiveCfg = Debug|Win32
		{B82A1633-385B-468D-876F-6ADC3086E18C}.Debug|x86.Build.0 = Debug|Win32
		{B82A1633-385B-468D-876F-6ADC3086E18C}.Release|x64.ActiveCfg = Release|x64
		{B82A1633-385B-468D-876F-6ADC3086E18C}.Release|x64.Build.0 = Release|x64
		{B82A1633-385B-468D-876F-6ADC3086E18C}.Release|x86.ActiveCfg = Release|Win32
		{B82A1633-385B-468D-876F-6ADC3086E18C}.Release|x86.Build.0 = Release|Win32
		{572C532C-8D8E-45D6-A522-7AD045305772}.Debug|x64.ActiveCfg = Debug|x64
		{572C532C-8D8E-45D6-A522-7AD045305772}.Debug|x64.Build.0 = Debug|x64
		{572C532C-8D8E-45D6-A522-7AD045305772}.Debug|x86.ActiveCfg = Debug|Win32
		{572C532C-8D8E-45D6-A522-7AD045305772}.Debug|x86.Build.0 = Debug|Win32
		{572C532C-8D8E-45D6-A522-7AD045305772}.Release|x64.ActiveCfg = Release|x64
		{572C532C-8D8E-45D6-A522-7AD045305772}.Release|x64.Build.0 = Release|x64
		{572C532C-8D8E-45D6-A522-7AD045305772}.Release|x86.ActiveCfg = Release|Win32
		{572C532C-8D8E-45D6-A522-7AD045305772}.Release|x86.Build.0 = Release|Win32
	EndGlobalSection
	GlobalSection(SolutionProperties) = preSolution
		HideSolutionNode = FALSE
	EndGlobalSection
	GlobalSection(ExtensibilityGlobals) = postSolution
		SolutionGuid = {7C02EE3D-74D2-4724-A946-703618B3F859}
	EndGlobalSection
EndGlobal
